// !$*UTF8*$!
{
	archiveVersion = 1;
	classes = {
	};
	objectVersion = 50;
	objects = {

/* Begin PBXBuildFile section */
		060E4C5A23190E3300969D86 /* main.swift in Sources */ = {isa = PBXBuildFile; fileRef = 060E4C5923190E3300969D86 /* main.swift */; };
		060E4C652319376000969D86 /* watermelon.swift in Sources */ = {isa = PBXBuildFile; fileRef = 060E4C642319376000969D86 /* watermelon.swift */; };
		060E4C67231A9A9E00969D86 /* hidePhoneNumber.swift in Sources */ = {isa = PBXBuildFile; fileRef = 060E4C66231A9A9E00969D86 /* hidePhoneNumber.swift */; };
		060E4C69231B9CFD00969D86 /* budget.swift in Sources */ = {isa = PBXBuildFile; fileRef = 060E4C68231B9CFD00969D86 /* budget.swift */; };
		060E4C6B231D17BB00969D86 /* findSosu.swift in Sources */ = {isa = PBXBuildFile; fileRef = 060E4C6A231D17BB00969D86 /* findSosu.swift */; };
		060E4C712321250300969D86 /* nextBigNumber.swift in Sources */ = {isa = PBXBuildFile; fileRef = 060E4C702321250300969D86 /* nextBigNumber.swift */; };
		060E4C732321293300969D86 /* numberBaseball.swift in Sources */ = {isa = PBXBuildFile; fileRef = 060E4C722321293300969D86 /* numberBaseball.swift */; };
		060E4C792322675800969D86 /* 모의고사.swift in Sources */ = {isa = PBXBuildFile; fileRef = 060E4C782322675800969D86 /* 모의고사.swift */; };
		060E4C7B23228B3B00969D86 /* 체육복.swift in Sources */ = {isa = PBXBuildFile; fileRef = 060E4C7A23228B3B00969D86 /* 체육복.swift */; };
		060E4C9A23279EEB00969D86 /* K번째수.swift in Sources */ = {isa = PBXBuildFile; fileRef = 060E4C9923279EEB00969D86 /* K번째수.swift */; };
		060E4C9C2327A52300969D86 /* 2016년.swift in Sources */ = {isa = PBXBuildFile; fileRef = 060E4C9B2327A52300969D86 /* 2016년.swift */; };
		060E4C9E2327AD2B00969D86 /* 가운데글자가져오기.swift in Sources */ = {isa = PBXBuildFile; fileRef = 060E4C9D2327AD2B00969D86 /* 가운데글자가져오기.swift */; };
		060E4CA02328D1C300969D86 /* 나누어떨어지는숫자배열.swift in Sources */ = {isa = PBXBuildFile; fileRef = 060E4C9F2328D1C300969D86 /* 나누어떨어지는숫자배열.swift */; };
		060E4CA2232A254400969D86 /* 쇠막대기.swift in Sources */ = {isa = PBXBuildFile; fileRef = 060E4CA1232A254400969D86 /* 쇠막대기.swift */; };
		060E4CA4232B7BF300969D86 /* 프린터.swift in Sources */ = {isa = PBXBuildFile; fileRef = 060E4CA3232B7BF300969D86 /* 프린터.swift */; };
		060E4CA6232BBA9400969D86 /* 기능개발.swift in Sources */ = {isa = PBXBuildFile; fileRef = 060E4CA5232BBA9400969D86 /* 기능개발.swift */; };
		060E4CA8232D0A0800969D86 /* 다항식덧셈.swift in Sources */ = {isa = PBXBuildFile; fileRef = 060E4CA7232D0A0800969D86 /* 다항식덧셈.swift */; };
		060E4CAA2330A2FF00969D86 /* 다리를지나는트럭.swift in Sources */ = {isa = PBXBuildFile; fileRef = 060E4CA92330A2FF00969D86 /* 다리를지나는트럭.swift */; };
		060E4CAC233225E500969D86 /* 탑.swift in Sources */ = {isa = PBXBuildFile; fileRef = 060E4CAB233225E500969D86 /* 탑.swift */; };
		060E4CAE2332962D00969D86 /* 스킬트리.swift in Sources */ = {isa = PBXBuildFile; fileRef = 060E4CAD2332962D00969D86 /* 스킬트리.swift */; };
		060E4CB12339CD3600969D86 /* 네이버코테1.swift in Sources */ = {isa = PBXBuildFile; fileRef = 060E4CB02339CD3600969D86 /* 네이버코테1.swift */; };
		06B2D75C23516834004BF2A9 /* 헥데이1.swift in Sources */ = {isa = PBXBuildFile; fileRef = 06B2D75B23516834004BF2A9 /* 헥데이1.swift */; };
		06B2D75E235170FE004BF2A9 /* 헥데이2.swift in Sources */ = {isa = PBXBuildFile; fileRef = 06B2D75D235170FE004BF2A9 /* 헥데이2.swift */; };
		06B2D76023517984004BF2A9 /* 헥데이3.swift in Sources */ = {isa = PBXBuildFile; fileRef = 06B2D75F23517984004BF2A9 /* 헥데이3.swift */; };
/* End PBXBuildFile section */

/* Begin PBXCopyFilesBuildPhase section */
		060E4C5423190E3300969D86 /* CopyFiles */ = {
			isa = PBXCopyFilesBuildPhase;
			buildActionMask = 2147483647;
			dstPath = /usr/share/man/man1/;
			dstSubfolderSpec = 0;
			files = (
			);
			runOnlyForDeploymentPostprocessing = 1;
		};
/* End PBXCopyFilesBuildPhase section */

/* Begin PBXFileReference section */
		060E4C5623190E3300969D86 /* CodeTestStudy */ = {isa = PBXFileReference; explicitFileType = "compiled.mach-o.executable"; includeInIndex = 0; path = CodeTestStudy; sourceTree = BUILT_PRODUCTS_DIR; };
		060E4C5923190E3300969D86 /* main.swift */ = {isa = PBXFileReference; lastKnownFileType = sourcecode.swift; path = main.swift; sourceTree = "<group>"; };
		060E4C642319376000969D86 /* watermelon.swift */ = {isa = PBXFileReference; lastKnownFileType = sourcecode.swift; path = watermelon.swift; sourceTree = "<group>"; };
		060E4C66231A9A9E00969D86 /* hidePhoneNumber.swift */ = {isa = PBXFileReference; lastKnownFileType = sourcecode.swift; path = hidePhoneNumber.swift; sourceTree = "<group>"; };
		060E4C68231B9CFD00969D86 /* budget.swift */ = {isa = PBXFileReference; lastKnownFileType = sourcecode.swift; path = budget.swift; sourceTree = "<group>"; };
		060E4C6A231D17BB00969D86 /* findSosu.swift */ = {isa = PBXFileReference; lastKnownFileType = sourcecode.swift; path = findSosu.swift; sourceTree = "<group>"; };
		060E4C702321250300969D86 /* nextBigNumber.swift */ = {isa = PBXFileReference; lastKnownFileType = sourcecode.swift; path = nextBigNumber.swift; sourceTree = "<group>"; };
		060E4C722321293300969D86 /* numberBaseball.swift */ = {isa = PBXFileReference; lastKnownFileType = sourcecode.swift; path = numberBaseball.swift; sourceTree = "<group>"; };
		060E4C782322675800969D86 /* 모의고사.swift */ = {isa = PBXFileReference; lastKnownFileType = sourcecode.swift; path = "모의고사.swift"; sourceTree = "<group>"; };
		060E4C7A23228B3B00969D86 /* 체육복.swift */ = {isa = PBXFileReference; lastKnownFileType = sourcecode.swift; path = "체육복.swift"; sourceTree = "<group>"; };
		060E4C9923279EEB00969D86 /* K번째수.swift */ = {isa = PBXFileReference; lastKnownFileType = sourcecode.swift; path = "K번째수.swift"; sourceTree = "<group>"; };
		060E4C9B2327A52300969D86 /* 2016년.swift */ = {isa = PBXFileReference; lastKnownFileType = sourcecode.swift; path = "2016년.swift"; sourceTree = "<group>"; };
		060E4C9D2327AD2B00969D86 /* 가운데글자가져오기.swift */ = {isa = PBXFileReference; lastKnownFileType = sourcecode.swift; path = "가운데글자가져오기.swift"; sourceTree = "<group>"; };
		060E4C9F2328D1C300969D86 /* 나누어떨어지는숫자배열.swift */ = {isa = PBXFileReference; lastKnownFileType = sourcecode.swift; path = "나누어떨어지는숫자배열.swift"; sourceTree = "<group>"; };
		060E4CA1232A254400969D86 /* 쇠막대기.swift */ = {isa = PBXFileReference; lastKnownFileType = sourcecode.swift; path = "쇠막대기.swift"; sourceTree = "<group>"; };
		060E4CA3232B7BF300969D86 /* 프린터.swift */ = {isa = PBXFileReference; lastKnownFileType = sourcecode.swift; path = "프린터.swift"; sourceTree = "<group>"; };
		060E4CA5232BBA9400969D86 /* 기능개발.swift */ = {isa = PBXFileReference; lastKnownFileType = sourcecode.swift; path = "기능개발.swift"; sourceTree = "<group>"; };
		060E4CA7232D0A0800969D86 /* 다항식덧셈.swift */ = {isa = PBXFileReference; lastKnownFileType = sourcecode.swift; path = "다항식덧셈.swift"; sourceTree = "<group>"; };
		060E4CA92330A2FF00969D86 /* 다리를지나는트럭.swift */ = {isa = PBXFileReference; lastKnownFileType = sourcecode.swift; path = "다리를지나는트럭.swift"; sourceTree = "<group>"; };
		060E4CAB233225E500969D86 /* 탑.swift */ = {isa = PBXFileReference; lastKnownFileType = sourcecode.swift; path = "탑.swift"; sourceTree = "<group>"; };
		060E4CAD2332962D00969D86 /* 스킬트리.swift */ = {isa = PBXFileReference; lastKnownFileType = sourcecode.swift; path = "스킬트리.swift"; sourceTree = "<group>"; };
		060E4CB02339CD3600969D86 /* 네이버코테1.swift */ = {isa = PBXFileReference; lastKnownFileType = sourcecode.swift; path = "네이버코테1.swift"; sourceTree = "<group>"; };
		06B2D75B23516834004BF2A9 /* 헥데이1.swift */ = {isa = PBXFileReference; lastKnownFileType = sourcecode.swift; path = "헥데이1.swift"; sourceTree = "<group>"; };
		06B2D75D235170FE004BF2A9 /* 헥데이2.swift */ = {isa = PBXFileReference; lastKnownFileType = sourcecode.swift; path = "헥데이2.swift"; sourceTree = "<group>"; };
		06B2D75F23517984004BF2A9 /* 헥데이3.swift */ = {isa = PBXFileReference; lastKnownFileType = sourcecode.swift; path = "헥데이3.swift"; sourceTree = "<group>"; };
/* End PBXFileReference section */

/* Begin PBXFrameworksBuildPhase section */
		060E4C5323190E3300969D86 /* Frameworks */ = {
			isa = PBXFrameworksBuildPhase;
			buildActionMask = 2147483647;
			files = (
			);
			runOnlyForDeploymentPostprocessing = 0;
		};
/* End PBXFrameworksBuildPhase section */

/* Begin PBXGroup section */
		060E4C4D23190E3300969D86 = {
			isa = PBXGroup;
			children = (
				060E4C5823190E3300969D86 /* CodeTestStudy */,
				060E4C5723190E3300969D86 /* Products */,
			);
			sourceTree = "<group>";
		};
		060E4C5723190E3300969D86 /* Products */ = {
			isa = PBXGroup;
			children = (
				060E4C5623190E3300969D86 /* CodeTestStudy */,
			);
			name = Products;
			sourceTree = "<group>";
		};
		060E4C5823190E3300969D86 /* CodeTestStudy */ = {
			isa = PBXGroup;
			children = (
				06B2D75A23516823004BF2A9 /* 헥데이윈터 */,
				060E4CAF2339CD2400969D86 /* 네이버코테 */,
				060E4C772322672600969D86 /* 2회차 */,
				060E4C762322670C00969D86 /* 1회차 */,
				060E4C5923190E3300969D86 /* main.swift */,
				060E4CA7232D0A0800969D86 /* 다항식덧셈.swift */,
			);
			path = CodeTestStudy;
			sourceTree = "<group>";
		};
		060E4C762322670C00969D86 /* 1회차 */ = {
			isa = PBXGroup;
			children = (
				060E4C6A231D17BB00969D86 /* findSosu.swift */,
				060E4C68231B9CFD00969D86 /* budget.swift */,
				060E4C642319376000969D86 /* watermelon.swift */,
				060E4C66231A9A9E00969D86 /* hidePhoneNumber.swift */,
			);
			name = "1회차";
			path = "1회차";
			sourceTree = "<group>";
		};
		060E4C772322672600969D86 /* 2회차 */ = {
			isa = PBXGroup;
			children = (
				060E4C702321250300969D86 /* nextBigNumber.swift */,
				060E4C722321293300969D86 /* numberBaseball.swift */,
				060E4C782322675800969D86 /* 모의고사.swift */,
				060E4C7A23228B3B00969D86 /* 체육복.swift */,
				060E4C9923279EEB00969D86 /* K번째수.swift */,
				060E4C9B2327A52300969D86 /* 2016년.swift */,
				060E4C9D2327AD2B00969D86 /* 가운데글자가져오기.swift */,
				060E4C9F2328D1C300969D86 /* 나누어떨어지는숫자배열.swift */,
				060E4CA1232A254400969D86 /* 쇠막대기.swift */,
				060E4CA3232B7BF300969D86 /* 프린터.swift */,
				060E4CA5232BBA9400969D86 /* 기능개발.swift */,
				060E4CA92330A2FF00969D86 /* 다리를지나는트럭.swift */,
				060E4CAB233225E500969D86 /* 탑.swift */,
				060E4CAD2332962D00969D86 /* 스킬트리.swift */,
			);
			name = "2회차";
			path = "2회차";
			sourceTree = "<group>";
		};
		060E4CAF2339CD2400969D86 /* 네이버코테 */ = {
			isa = PBXGroup;
			children = (
				060E4CB02339CD3600969D86 /* 네이버코테1.swift */,
			);
			name = "네이버코테";
			path = "네이버코테";
			sourceTree = "<group>";
		};
		06B2D75A23516823004BF2A9 /* 헥데이윈터 */ = {
			isa = PBXGroup;
			children = (
				06B2D75B23516834004BF2A9 /* 헥데이1.swift */,
				06B2D75D235170FE004BF2A9 /* 헥데이2.swift */,
				06B2D75F23517984004BF2A9 /* 헥데이3.swift */,
			);
			name = "헥데이윈터";
			path = "핵데이윈터";
			sourceTree = "<group>";
		};
/* End PBXGroup section */

/* Begin PBXNativeTarget section */
		060E4C5523190E3300969D86 /* CodeTestStudy */ = {
			isa = PBXNativeTarget;
			buildConfigurationList = 060E4C5D23190E3300969D86 /* Build configuration list for PBXNativeTarget "CodeTestStudy" */;
			buildPhases = (
				060E4C5223190E3300969D86 /* Sources */,
				060E4C5323190E3300969D86 /* Frameworks */,
				060E4C5423190E3300969D86 /* CopyFiles */,
			);
			buildRules = (
			);
			dependencies = (
			);
			name = CodeTestStudy;
			productName = CodeTestStudy;
			productReference = 060E4C5623190E3300969D86 /* CodeTestStudy */;
			productType = "com.apple.product-type.tool";
		};
/* End PBXNativeTarget section */

/* Begin PBXProject section */
		060E4C4E23190E3300969D86 /* Project object */ = {
			isa = PBXProject;
			attributes = {
				LastSwiftUpdateCheck = 1030;
				LastUpgradeCheck = 1030;
				ORGANIZATIONNAME = ns;
				TargetAttributes = {
					060E4C5523190E3300969D86 = {
						CreatedOnToolsVersion = 10.3;
					};
				};
			};
			buildConfigurationList = 060E4C5123190E3300969D86 /* Build configuration list for PBXProject "CodeTestStudy" */;
			compatibilityVersion = "Xcode 9.3";
			developmentRegion = en;
			hasScannedForEncodings = 0;
			knownRegions = (
				en,
			);
			mainGroup = 060E4C4D23190E3300969D86;
			productRefGroup = 060E4C5723190E3300969D86 /* Products */;
			projectDirPath = "";
			projectRoot = "";
			targets = (
				060E4C5523190E3300969D86 /* CodeTestStudy */,
			);
		};
/* End PBXProject section */

/* Begin PBXSourcesBuildPhase section */
		060E4C5223190E3300969D86 /* Sources */ = {
			isa = PBXSourcesBuildPhase;
			buildActionMask = 2147483647;
			files = (
				060E4CA02328D1C300969D86 /* 나누어떨어지는숫자배열.swift in Sources */,
				060E4C712321250300969D86 /* nextBigNumber.swift in Sources */,
				060E4C6B231D17BB00969D86 /* findSosu.swift in Sources */,
				060E4CAC233225E500969D86 /* 탑.swift in Sources */,
				060E4CA4232B7BF300969D86 /* 프린터.swift in Sources */,
				06B2D76023517984004BF2A9 /* 헥데이3.swift in Sources */,
				060E4C792322675800969D86 /* 모의고사.swift in Sources */,
				060E4C9A23279EEB00969D86 /* K번째수.swift in Sources */,
				06B2D75C23516834004BF2A9 /* 헥데이1.swift in Sources */,
				060E4C67231A9A9E00969D86 /* hidePhoneNumber.swift in Sources */,
				060E4C732321293300969D86 /* numberBaseball.swift in Sources */,
				060E4CA8232D0A0800969D86 /* 다항식덧셈.swift in Sources */,
				060E4C5A23190E3300969D86 /* main.swift in Sources */,
				060E4C9E2327AD2B00969D86 /* 가운데글자가져오기.swift in Sources */,
				060E4CA6232BBA9400969D86 /* 기능개발.swift in Sources */,
				060E4CAA2330A2FF00969D86 /* 다리를지나는트럭.swift in Sources */,
				060E4C69231B9CFD00969D86 /* budget.swift in Sources */,
				060E4CB12339CD3600969D86 /* 네이버코테1.swift in Sources */,
				060E4C652319376000969D86 /* watermelon.swift in Sources */,
				06B2D75E235170FE004BF2A9 /* 헥데이2.swift in Sources */,
				060E4C7B23228B3B00969D86 /* 체육복.swift in Sources */,
				060E4CA2232A254400969D86 /* 쇠막대기.swift in Sources */,
				060E4CAE2332962D00969D86 /* 스킬트리.swift in Sources */,
				060E4C9C2327A52300969D86 /* 2016년.swift in Sources */,
			);
			runOnlyForDeploymentPostprocessing = 0;
		};
/* End PBXSourcesBuildPhase section */

/* Begin XCBuildConfiguration section */
		060E4C5B23190E3300969D86 /* Debug */ = {
			isa = XCBuildConfiguration;
			buildSettings = {
				ALWAYS_SEARCH_USER_PATHS = NO;
				CLANG_ANALYZER_NONNULL = YES;
				CLANG_ANALYZER_NUMBER_OBJECT_CONVERSION = YES_AGGRESSIVE;
				CLANG_CXX_LANGUAGE_STANDARD = "gnu++14";
				CLANG_CXX_LIBRARY = "libc++";
				CLANG_ENABLE_MODULES = YES;
				CLANG_ENABLE_OBJC_ARC = YES;
				CLANG_ENABLE_OBJC_WEAK = YES;
				CLANG_WARN_BLOCK_CAPTURE_AUTORELEASING = YES;
				CLANG_WARN_BOOL_CONVERSION = YES;
				CLANG_WARN_COMMA = YES;
				CLANG_WARN_CONSTANT_CONVERSION = YES;
				CLANG_WARN_DEPRECATED_OBJC_IMPLEMENTATIONS = YES;
				CLANG_WARN_DIRECT_OBJC_ISA_USAGE = YES_ERROR;
				CLANG_WARN_DOCUMENTATION_COMMENTS = YES;
				CLANG_WARN_EMPTY_BODY = YES;
				CLANG_WARN_ENUM_CONVERSION = YES;
				CLANG_WARN_INFINITE_RECURSION = YES;
				CLANG_WARN_INT_CONVERSION = YES;
				CLANG_WARN_NON_LITERAL_NULL_CONVERSION = YES;
				CLANG_WARN_OBJC_IMPLICIT_RETAIN_SELF = YES;
				CLANG_WARN_OBJC_LITERAL_CONVERSION = YES;
				CLANG_WARN_OBJC_ROOT_CLASS = YES_ERROR;
				CLANG_WARN_RANGE_LOOP_ANALYSIS = YES;
				CLANG_WARN_STRICT_PROTOTYPES = YES;
				CLANG_WARN_SUSPICIOUS_MOVE = YES;
				CLANG_WARN_UNGUARDED_AVAILABILITY = YES_AGGRESSIVE;
				CLANG_WARN_UNREACHABLE_CODE = YES;
				CLANG_WARN__DUPLICATE_METHOD_MATCH = YES;
				CODE_SIGN_IDENTITY = "Mac Developer";
				COPY_PHASE_STRIP = NO;
				DEBUG_INFORMATION_FORMAT = dwarf;
				ENABLE_STRICT_OBJC_MSGSEND = YES;
				ENABLE_TESTABILITY = YES;
				GCC_C_LANGUAGE_STANDARD = gnu11;
				GCC_DYNAMIC_NO_PIC = NO;
				GCC_NO_COMMON_BLOCKS = YES;
				GCC_OPTIMIZATION_LEVEL = 0;
				GCC_PREPROCESSOR_DEFINITIONS = (
					"DEBUG=1",
					"$(inherited)",
				);
				GCC_WARN_64_TO_32_BIT_CONVERSION = YES;
				GCC_WARN_ABOUT_RETURN_TYPE = YES_ERROR;
				GCC_WARN_UNDECLARED_SELECTOR = YES;
				GCC_WARN_UNINITIALIZED_AUTOS = YES_AGGRESSIVE;
				GCC_WARN_UNUSED_FUNCTION = YES;
				GCC_WARN_UNUSED_VARIABLE = YES;
				MACOSX_DEPLOYMENT_TARGET = 10.14;
				MTL_ENABLE_DEBUG_INFO = INCLUDE_SOURCE;
				MTL_FAST_MATH = YES;
				ONLY_ACTIVE_ARCH = YES;
				SDKROOT = macosx;
				SWIFT_ACTIVE_COMPILATION_CONDITIONS = DEBUG;
				SWIFT_OPTIMIZATION_LEVEL = "-Onone";
			};
			name = Debug;
		};
		060E4C5C23190E3300969D86 /* Release */ = {
			isa = XCBuildConfiguration;
			buildSettings = {
				ALWAYS_SEARCH_USER_PATHS = NO;
				CLANG_ANALYZER_NONNULL = YES;
				CLANG_ANALYZER_NUMBER_OBJECT_CONVERSION = YES_AGGRESSIVE;
				CLANG_CXX_LANGUAGE_STANDARD = "gnu++14";
				CLANG_CXX_LIBRARY = "libc++";
				CLANG_ENABLE_MODULES = YES;
				CLANG_ENABLE_OBJC_ARC = YES;
				CLANG_ENABLE_OBJC_WEAK = YES;
				CLANG_WARN_BLOCK_CAPTURE_AUTORELEASING = YES;
				CLANG_WARN_BOOL_CONVERSION = YES;
				CLANG_WARN_COMMA = YES;
				CLANG_WARN_CONSTANT_CONVERSION = YES;
				CLANG_WARN_DEPRECATED_OBJC_IMPLEMENTATIONS = YES;
				CLANG_WARN_DIRECT_OBJC_ISA_USAGE = YES_ERROR;
				CLANG_WARN_DOCUMENTATION_COMMENTS = YES;
				CLANG_WARN_EMPTY_BODY = YES;
				CLANG_WARN_ENUM_CONVERSION = YES;
				CLANG_WARN_INFINITE_RECURSION = YES;
				CLANG_WARN_INT_CONVERSION = YES;
				CLANG_WARN_NON_LITERAL_NULL_CONVERSION = YES;
				CLANG_WARN_OBJC_IMPLICIT_RETAIN_SELF = YES;
				CLANG_WARN_OBJC_LITERAL_CONVERSION = YES;
				CLANG_WARN_OBJC_ROOT_CLASS = YES_ERROR;
				CLANG_WARN_RANGE_LOOP_ANALYSIS = YES;
				CLANG_WARN_STRICT_PROTOTYPES = YES;
				CLANG_WARN_SUSPICIOUS_MOVE = YES;
				CLANG_WARN_UNGUARDED_AVAILABILITY = YES_AGGRESSIVE;
				CLANG_WARN_UNREACHABLE_CODE = YES;
				CLANG_WARN__DUPLICATE_METHOD_MATCH = YES;
				CODE_SIGN_IDENTITY = "Mac Developer";
				COPY_PHASE_STRIP = NO;
				DEBUG_INFORMATION_FORMAT = "dwarf-with-dsym";
				ENABLE_NS_ASSERTIONS = NO;
				ENABLE_STRICT_OBJC_MSGSEND = YES;
				GCC_C_LANGUAGE_STANDARD = gnu11;
				GCC_NO_COMMON_BLOCKS = YES;
				GCC_WARN_64_TO_32_BIT_CONVERSION = YES;
				GCC_WARN_ABOUT_RETURN_TYPE = YES_ERROR;
				GCC_WARN_UNDECLARED_SELECTOR = YES;
				GCC_WARN_UNINITIALIZED_AUTOS = YES_AGGRESSIVE;
				GCC_WARN_UNUSED_FUNCTION = YES;
				GCC_WARN_UNUSED_VARIABLE = YES;
				MACOSX_DEPLOYMENT_TARGET = 10.14;
				MTL_ENABLE_DEBUG_INFO = NO;
				MTL_FAST_MATH = YES;
				SDKROOT = macosx;
				SWIFT_COMPILATION_MODE = wholemodule;
				SWIFT_OPTIMIZATION_LEVEL = "-O";
			};
			name = Release;
		};
		060E4C5E23190E3300969D86 /* Debug */ = {
			isa = XCBuildConfiguration;
			buildSettings = {
				CODE_SIGN_STYLE = Automatic;
				DEVELOPMENT_TEAM = 7Z2CV7TB8R;
				PRODUCT_NAME = "$(TARGET_NAME)";
				SWIFT_VERSION = 5.0;
			};
			name = Debug;
		};
		060E4C5F23190E3300969D86 /* Release */ = {
			isa = XCBuildConfiguration;
			buildSettings = {
				CODE_SIGN_STYLE = Automatic;
				DEVELOPMENT_TEAM = 7Z2CV7TB8R;
				PRODUCT_NAME = "$(TARGET_NAME)";
				SWIFT_VERSION = 5.0;
			};
			name = Release;
		};
/* End XCBuildConfiguration section */

/* Begin XCConfigurationList section */
		060E4C5123190E3300969D86 /* Build configuration list for PBXProject "CodeTestStudy" */ = {
			isa = XCConfigurationList;
			buildConfigurations = (
				060E4C5B23190E3300969D86 /* Debug */,
				060E4C5C23190E3300969D86 /* Release */,
			);
			defaultConfigurationIsVisible = 0;
			defaultConfigurationName = Release;
		};
		060E4C5D23190E3300969D86 /* Build configuration list for PBXNativeTarget "CodeTestStudy" */ = {
			isa = XCConfigurationList;
			buildConfigurations = (
				060E4C5E23190E3300969D86 /* Debug */,
				060E4C5F23190E3300969D86 /* Release */,
			);
			defaultConfigurationIsVisible = 0;
			defaultConfigurationName = Release;
		};
/* End XCConfigurationList section */
	};
	rootObject = 060E4C4E23190E3300969D86 /* Project object */;
}
